
Microsoft Visual Studio Solution File, Format Version 12.00
# Visual Studio Version 17
VisualStudioVersion = 17.0.31919.166
MinimumVisualStudioVersion = 10.0.40219.1
Project("{FAE04EC0-301F-11D3-BF4B-00C04F79EFBC}") = "Test Serensia", "Test Serensia\Test Serensia.csproj", "{66F30454-38F7-42B4-8C13-B59B72939B06}"
EndProject
Project("{FAE04EC0-301F-11D3-BF4B-00C04F79EFBC}") = "TestSerensia.Tests", "TestSerensia.Tests\TestSerensia.Tests.csproj", "{2BE95226-D31D-4C6B-835A-AF09626B3052}"
EndProject
Global
	GlobalSection(SolutionConfigurationPlatforms) = preSolution
		Debug|Any CPU = Debug|Any CPU
		Release|Any CPU = Release|Any CPU
	EndGlobalSection
	GlobalSection(ProjectConfigurationPlatforms) = postSolution
		{66F30454-38F7-42B4-8C13-B59B72939B06}.Debug|Any CPU.ActiveCfg = Debug|Any CPU
		{66F30454-38F7-42B4-8C13-B59B72939B06}.Debug|Any CPU.Build.0 = Debug|Any CPU
		{66F30454-38F7-42B4-8C13-B59B72939B06}.Release|Any CPU.ActiveCfg = Release|Any CPU
		{66F30454-38F7-42B4-8C13-B59B72939B06}.Release|Any CPU.Build.0 = Release|Any CPU
		{2BE95226-D31D-4C6B-835A-AF09626B3052}.Debug|Any CPU.ActiveCfg = Debug|Any CPU
		{2BE95226-D31D-4C6B-835A-AF09626B3052}.Debug|Any CPU.Build.0 = Debug|Any CPU
		{2BE95226-D31D-4C6B-835A-AF09626B3052}.Release|Any CPU.ActiveCfg = Release|Any CPU
		{2BE95226-D31D-4C6B-835A-AF09626B3052}.Release|Any CPU.Build.0 = Release|Any CPU
	EndGlobalSection
	GlobalSection(SolutionProperties) = preSolution
		HideSolutionNode = FALSE
	EndGlobalSection
	GlobalSection(ExtensibilityGlobals) = postSolution
		SolutionGuid = {4A21F041-E6D0-4CE0-88EA-C18649E7E600}
	EndGlobalSection
EndGlobal
